{
  "version": "4",
  "specifiers": {
    "jsr:@oak/commons@1": "1.0.0",
    "jsr:@oak/oak@*": "17.1.0",
    "jsr:@oak/oak@^17.1.0": "17.1.0",
    "jsr:@std/assert@1": "1.0.6",
    "jsr:@std/bytes@1": "1.0.2",
    "jsr:@std/bytes@^1.0.2": "1.0.2",
    "jsr:@std/crypto@1": "1.0.3",
    "jsr:@std/encoding@1": "1.0.5",
    "jsr:@std/encoding@^1.0.5": "1.0.5",
    "jsr:@std/http@1": "1.0.8",
    "jsr:@std/internal@^1.0.4": "1.0.4",
    "jsr:@std/io@0.224": "0.224.9",
    "jsr:@std/media-types@1": "1.0.3",
    "jsr:@std/path@1": "1.0.6",
    "npm:@simplewebauthn/server@11": "11.0.0",
    "npm:@simplewebauthn/types@11": "11.0.0",
    "npm:@types/node@*": "22.5.4",
    "npm:mongodb@^6.10.0": "6.10.0",
    "npm:path-to-regexp@6.2.1": "6.2.1",
    "npm:zod@*": "3.23.8",
    "npm:zod@^3.23.8": "3.23.8"
  },
  "jsr": {
    "@oak/commons@1.0.0": {
      "integrity": "49805b55603c3627a9d6235c0655aa2b6222d3036b3a13ff0380c16368f607ac",
      "dependencies": [
        "jsr:@std/assert",
        "jsr:@std/bytes@1",
        "jsr:@std/crypto",
        "jsr:@std/encoding@1",
        "jsr:@std/http",
        "jsr:@std/media-types"
      ]
    },
    "@oak/oak@17.1.0": {
      "integrity": "14ffb400c3c268bdc7b3a838664fab782b4ed35bb0dfe7669013c95bb12a9503",
      "dependencies": [
        "jsr:@oak/commons",
        "jsr:@std/assert",
        "jsr:@std/bytes@1",
        "jsr:@std/crypto",
        "jsr:@std/http",
        "jsr:@std/io",
        "jsr:@std/media-types",
        "jsr:@std/path",
        "npm:path-to-regexp"
      ]
    },
    "@std/assert@1.0.6": {
      "integrity": "1904c05806a25d94fe791d6d883b685c9e2dcd60e4f9fc30f4fc5cf010c72207",
      "dependencies": [
        "jsr:@std/internal"
      ]
    },
    "@std/bytes@1.0.2": {
      "integrity": "fbdee322bbd8c599a6af186a1603b3355e59a5fb1baa139f8f4c3c9a1b3e3d57"
    },
    "@std/crypto@1.0.3": {
      "integrity": "a2a32f51ddef632d299e3879cd027c630dcd4d1d9a5285d6e6788072f4e51e7f"
    },
    "@std/encoding@1.0.5": {
      "integrity": "ecf363d4fc25bd85bd915ff6733a7e79b67e0e7806334af15f4645c569fefc04"
    },
    "@std/http@1.0.7": {
      "integrity": "9b904fc256678a5c9759f1a53a24a3fdcc59d83dc62099bb472683b6f819194c",
      "dependencies": [
        "jsr:@std/encoding@^1.0.5"
      ]
    },
    "@std/http@1.0.8": {
      "integrity": "6ea1b2e8d33929967754a3b6d6c6f399ad6647d7bbb5a466c1eaf9b294a6ebcd",
      "dependencies": [
        "jsr:@std/encoding@^1.0.5"
      ]
    },
    "@std/internal@1.0.4": {
      "integrity": "62e8e4911527e5e4f307741a795c0b0a9e6958d0b3790716ae71ce085f755422"
    },
    "@std/io@0.224.9": {
      "integrity": "4414664b6926f665102e73c969cfda06d2c4c59bd5d0c603fd4f1b1c840d6ee3",
      "dependencies": [
        "jsr:@std/bytes@^1.0.2"
      ]
    },
    "@std/media-types@1.0.3": {
      "integrity": "b12d30a7852f7578f4d210622df713bbfd1cbdd9b4ec2eaf5c1845ab70bab159"
    },
    "@std/path@1.0.6": {
      "integrity": "ab2c55f902b380cf28e0eec501b4906e4c1960d13f00e11cfbcd21de15f18fed"
    }
  },
  "npm": {
    "@hexagon/base64@1.1.28": {
      "integrity": "sha512-lhqDEAvWixy3bZ+UOYbPwUbBkwBq5C1LAJ/xPC8Oi+lL54oyakv/npbA0aU2hgCsx/1NUd4IBvV03+aUBWxerw=="
    },
    "@levischuck/tiny-cbor@0.2.2": {
      "integrity": "sha512-f5CnPw997Y2GQ8FAvtuVVC19FX8mwNNC+1XJcIi16n/LTJifKO6QBgGLgN3YEmqtGMk17SKSuoWES3imJVxAVw=="
    },
    "@mongodb-js/saslprep@1.1.9": {
      "integrity": "sha512-tVkljjeEaAhCqTzajSdgbQ6gE6f3oneVwa3iXR6csiEwXXOFsiC6Uh9iAjAhXPtqa/XMDHWjjeNH/77m/Yq2dw==",
      "dependencies": [
        "sparse-bitfield"
      ]
    },
    "@peculiar/asn1-android@2.3.13": {
      "integrity": "sha512-0VTNazDGKrLS6a3BwTDZanqq6DR/I3SbvmDMuS8Be+OYpvM6x1SRDh9AGDsHVnaCOIztOspCPc6N1m+iUv1Xxw==",
      "dependencies": [
        "@peculiar/asn1-schema",
        "asn1js",
        "tslib"
      ]
    },
    "@peculiar/asn1-ecc@2.3.14": {
      "integrity": "sha512-zWPyI7QZto6rnLv6zPniTqbGaLh6zBpJyI46r1yS/bVHJXT2amdMHCRRnbV5yst2H8+ppXG6uXu/M6lKakiQ8w==",
      "dependencies": [
        "@peculiar/asn1-schema",
        "@peculiar/asn1-x509",
        "asn1js",
        "tslib"
      ]
    },
    "@peculiar/asn1-rsa@2.3.13": {
      "integrity": "sha512-wBNQqCyRtmqvXkGkL4DR3WxZhHy8fDiYtOjTeCd7SFE5F6GBeafw3EJ94PX/V0OJJrjQ40SkRY2IZu3ZSyBqcg==",
      "dependencies": [
        "@peculiar/asn1-schema",
        "@peculiar/asn1-x509",
        "asn1js",
        "tslib"
      ]
    },
    "@peculiar/asn1-schema@2.3.13": {
      "integrity": "sha512-3Xq3a01WkHRZL8X04Zsfg//mGaA21xlL4tlVn4v2xGT0JStiztATRkMwa5b+f/HXmY2smsiLXYK46Gwgzvfg3g==",
      "dependencies": [
        "asn1js",
        "pvtsutils",
        "tslib"
      ]
    },
    "@peculiar/asn1-x509@2.3.13": {
      "integrity": "sha512-PfeLQl2skXmxX2/AFFCVaWU8U6FKW1Db43mgBhShCOFS1bVxqtvusq1hVjfuEcuSQGedrLdCSvTgabluwN/M9A==",
      "dependencies": [
        "@peculiar/asn1-schema",
        "asn1js",
        "ipaddr.js",
        "pvtsutils",
        "tslib"
      ]
    },
    "@simplewebauthn/server@11.0.0": {
      "integrity": "sha512-zu8dxKcPiRUNSN2kmrnNOzNbRI8VaR/rL4ENCHUfC6PEE7SAAdIql9g5GBOd/wOVZolIsaZz3ccFxuGoVP0iaw==",
      "dependencies": [
        "@hexagon/base64",
        "@levischuck/tiny-cbor",
        "@peculiar/asn1-android",
        "@peculiar/asn1-ecc",
        "@peculiar/asn1-rsa",
        "@peculiar/asn1-schema",
        "@peculiar/asn1-x509",
        "@simplewebauthn/types",
        "cross-fetch"
      ]
    },
    "@simplewebauthn/types@11.0.0": {
      "integrity": "sha512-b2o0wC5u2rWts31dTgBkAtSNKGX0cvL6h8QedNsKmj8O4QoLFQFR3DBVBUlpyVEhYKA+mXGUaXbcOc4JdQ3HzA=="
    },
    "@types/node@22.5.4": {
      "integrity": "sha512-FDuKUJQm/ju9fT/SeX/6+gBzoPzlVCzfzmGkwKvRHQVxi4BntVbyIwf6a4Xn62mrvndLiml6z/UBXIdEVjQLXg==",
      "dependencies": [
        "undici-types"
      ]
    },
    "@types/webidl-conversions@7.0.3": {
      "integrity": "sha512-CiJJvcRtIgzadHCYXw7dqEnMNRjhGZlYK05Mj9OyktqV8uVT8fD2BFOB7S1uwBE3Kj2Z+4UyPmFw/Ixgw/LAlA=="
    },
    "@types/whatwg-url@11.0.5": {
      "integrity": "sha512-coYR071JRaHa+xoEvvYqvnIHaVqaYrLPbsufM9BF63HkwI5Lgmy2QR8Q5K/lYDYo5AK82wOvSOS0UsLTpTG7uQ==",
      "dependencies": [
        "@types/webidl-conversions"
      ]
    },
    "asn1js@3.0.5": {
      "integrity": "sha512-FVnvrKJwpt9LP2lAMl8qZswRNm3T4q9CON+bxldk2iwk3FFpuwhx2FfinyitizWHsVYyaY+y5JzDR0rCMV5yTQ==",
      "dependencies": [
        "pvtsutils",
        "pvutils",
        "tslib"
      ]
    },
    "bson@6.9.0": {
      "integrity": "sha512-X9hJeyeM0//Fus+0pc5dSUMhhrrmWwQUtdavaQeF3Ta6m69matZkGWV/MrBcnwUeLC8W9kwwc2hfkZgUuCX3Ig=="
    },
    "cross-fetch@4.0.0": {
      "integrity": "sha512-e4a5N8lVvuLgAWgnCrLr2PP0YyDOTHa9H/Rj54dirp61qXnNq46m82bRhNqIA5VccJtWBvPTFRV3TtvHUKPB1g==",
      "dependencies": [
        "node-fetch"
      ]
    },
    "ipaddr.js@2.2.0": {
      "integrity": "sha512-Ag3wB2o37wslZS19hZqorUnrnzSkpOVy+IiiDEiTqNubEYpYuHWIf6K4psgN2ZWKExS4xhVCrRVfb/wfW8fWJA=="
    },
    "memory-pager@1.5.0": {
      "integrity": "sha512-ZS4Bp4r/Zoeq6+NLJpP+0Zzm0pR8whtGPf1XExKLJBAczGMnSi3It14OiNCStjQjM6NU1okjQGSxgEZN8eBYKg=="
    },
    "mongodb-connection-string-url@3.0.1": {
      "integrity": "sha512-XqMGwRX0Lgn05TDB4PyG2h2kKO/FfWJyCzYQbIhXUxz7ETt0I/FqHjUeqj37irJ+Dl1ZtU82uYyj14u2XsZKfg==",
      "dependencies": [
        "@types/whatwg-url",
        "whatwg-url@13.0.0"
      ]
    },
    "mongodb@6.10.0": {
      "integrity": "sha512-gP9vduuYWb9ZkDM546M+MP2qKVk5ZG2wPF63OvSRuUbqCR+11ZCAE1mOfllhlAG0wcoJY5yDL/rV3OmYEwXIzg==",
      "dependencies": [
        "@mongodb-js/saslprep",
        "bson",
        "mongodb-connection-string-url"
      ]
    },
    "node-fetch@2.7.0": {
      "integrity": "sha512-c4FRfUm/dbcWZ7U+1Wq0AwCyFL+3nt2bEw05wfxSz+DWpWsitgmSgYmy2dQdWyKC1694ELPqMs/YzUSNozLt8A==",
      "dependencies": [
        "whatwg-url@5.0.0"
      ]
    },
    "path-to-regexp@6.2.1": {
      "integrity": "sha512-JLyh7xT1kizaEvcaXOQwOc2/Yhw6KZOvPf1S8401UyLk86CU79LN3vl7ztXGm/pZ+YjoyAJ4rxmHwbkBXJX+yw=="
    },
    "punycode@2.3.1": {
      "integrity": "sha512-vYt7UD1U9Wg6138shLtLOvdAu+8DsC/ilFtEVHcH+wydcSpNE20AfSOduf6MkRFahL5FY7X1oU7nKVZFtfq8Fg=="
    },
    "pvtsutils@1.3.6": {
      "integrity": "sha512-PLgQXQ6H2FWCaeRak8vvk1GW462lMxB5s3Jm673N82zI4vqtVUPuZdffdZbPDFRoU8kAhItWFtPCWiPpp4/EDg==",
      "dependencies": [
        "tslib"
      ]
    },
    "pvutils@1.1.3": {
      "integrity": "sha512-pMpnA0qRdFp32b1sJl1wOJNxZLQ2cbQx+k6tjNtZ8CpvVhNqEPRgivZ2WOUev2YMajecdH7ctUPDvEe87nariQ=="
    },
    "sparse-bitfield@3.0.3": {
      "integrity": "sha512-kvzhi7vqKTfkh0PZU+2D2PIllw2ymqJKujUcyPMd9Y75Nv4nPbGJZXNhxsgdQab2BmlDct1YnfQCguEvHr7VsQ==",
      "dependencies": [
        "memory-pager"
      ]
    },
    "tr46@0.0.3": {
      "integrity": "sha512-N3WMsuqV66lT30CrXNbEjx4GEwlow3v6rr4mCcv6prnfwhS01rkgyFdjPNBYd9br7LpXV1+Emh01fHnq2Gdgrw=="
    },
    "tr46@4.1.1": {
      "integrity": "sha512-2lv/66T7e5yNyhAAC4NaKe5nVavzuGJQVVtRYLyQ2OI8tsJ61PMLlelehb0wi2Hx6+hT/OJUWZcw8MjlSRnxvw==",
      "dependencies": [
        "punycode"
      ]
    },
    "tslib@2.8.1": {
      "integrity": "sha512-oJFu94HQb+KVduSUQL7wnpmqnfmLsOA/nAh6b6EH0wCEoK0/mPeXU6c3wKDV83MkOuHPRHtSXKKU99IBazS/2w=="
    },
    "undici-types@6.19.8": {
      "integrity": "sha512-ve2KP6f/JnbPBFyobGHuerC9g1FYGn/F8n1LWTwNxCEzd6IfqTwUQcNXgEtmmQ6DlRrC1hrSrBnCZPokRrDHjw=="
    },
    "webidl-conversions@3.0.1": {
      "integrity": "sha512-2JAn3z8AR6rjK8Sm8orRC0h/bcl/DqL7tRPdGZ4I1CjdF+EaMLmYxBHyXuKL849eucPFhvBoxMsflfOb8kxaeQ=="
    },
    "webidl-conversions@7.0.0": {
      "integrity": "sha512-VwddBukDzu71offAQR975unBIGqfKZpM+8ZX6ySk8nYhVoo5CYaZyzt3YBvYtRtO+aoGlqxPg/B87NGVZ/fu6g=="
    },
    "whatwg-url@13.0.0": {
      "integrity": "sha512-9WWbymnqj57+XEuqADHrCJ2eSXzn8WXIW/YSGaZtb2WKAInQ6CHfaUUcTyyver0p8BDg5StLQq8h1vtZuwmOig==",
      "dependencies": [
        "tr46@4.1.1",
        "webidl-conversions@7.0.0"
      ]
    },
    "whatwg-url@5.0.0": {
      "integrity": "sha512-saE57nupxk6v3HY35+jzBwYa0rKSy0XR8JSxZPwgLr7ys0IBzhGviA1/TUGJLmSVqs8pb9AnvICXEuOHLprYTw==",
      "dependencies": [
        "tr46@0.0.3",
        "webidl-conversions@3.0.1"
      ]
    },
    "zod@3.23.8": {
      "integrity": "sha512-XBx9AXhXktjUqnepgTiE5flcKIYWi/rme0Eaj+5Y0lftuGBq+jyRu/md4WnuxqgP1ubdpNCsYEYPxrzVHD8d6g=="
    }
  },
  "remote": {
    "https://deno.land/x/mongo@v0.33.0/deps.ts": "0260e372714ea433bbe675a5f3d467edceced6e12f406d156ba42724695b0a74",
    "https://deno.land/x/mongo@v0.33.0/mod.ts": "114eedb25b02ba42b53aaf5eb747c5bdb06a852882330624bdc52fde4b7df083",
    "https://deno.land/x/mongo@v0.33.0/src/auth/base.ts": "cfdbbd70f5efddbb4a5156b1b25737cd5cfba86581c29ebafb02085af6fa0239",
    "https://deno.land/x/mongo@v0.33.0/src/auth/mod.ts": "b161611bd5be9e9d1b4497227c8ea93ad4daadcd98038c9e5a707bc5da7a25ca",
    "https://deno.land/x/mongo@v0.33.0/src/auth/pbkdf2.ts": "1f1db192fd37869d118ab34780b64567ebcf0ad83a03ef28b3d740cae9adb47a",
    "https://deno.land/x/mongo@v0.33.0/src/auth/scram.ts": "d0be490de12c34f17c115dd540d1bd0e1c88b571b4ffe9e27ae93afa4401f7c6",
    "https://deno.land/x/mongo@v0.33.0/src/auth/x509.ts": "b638043fea07f60ca24fbd78fe450e11ea633a721b591de28b8ba45bf1f2c2d3",
    "https://deno.land/x/mongo@v0.33.0/src/client.ts": "1bc49b2c7922a638482f06f1a9723e0d2fe62d8a1c735796ede0049645a7ee74",
    "https://deno.land/x/mongo@v0.33.0/src/cluster.ts": "6fca620f12a0f8f6e11f15d5271cebd3ec22a85bcbf2eb5360d0aea414ac4722",
    "https://deno.land/x/mongo@v0.33.0/src/collection/collection.ts": "44307db6f83f4aa8c88131c788e049d0a28aff8c1314f8793be4da2803b52ff4",
    "https://deno.land/x/mongo@v0.33.0/src/collection/commands/aggregate.ts": "9ed10eacbdcd61c020d91b831d4bffa75afd3c4c272fa69e1aaf77bc339d526f",
    "https://deno.land/x/mongo@v0.33.0/src/collection/commands/find.ts": "5c68ccf73f272e85dd158921f57d2e0da643d5696073813dd539d31fad313f02",
    "https://deno.land/x/mongo@v0.33.0/src/collection/commands/list_indexes.ts": "d32a5120305d0547497026b4f5ab2ecc2f40ff7f44c405b99c2a0287765333f5",
    "https://deno.land/x/mongo@v0.33.0/src/collection/commands/update.ts": "57c2be843fdef7e3a9c67b07ab745735c82fd01614d02d37c9a594f0bab7cea2",
    "https://deno.land/x/mongo@v0.33.0/src/collection/mod.ts": "bd791a0b9b46be4365f88c54893584eadec2f8cd799db9eb05e0b5b4c8d72b8e",
    "https://deno.land/x/mongo@v0.33.0/src/database.ts": "b5287e9cffebd9ab284a71086d7ad30a59fe0039f31169c51307ae6564f06ca6",
    "https://deno.land/x/mongo@v0.33.0/src/error.ts": "8180a822b0831a94a6a28815865b5b40e3996220684bea60fcb81b272ddd06eb",
    "https://deno.land/x/mongo@v0.33.0/src/gridfs/bucket.ts": "92030ee5e995fc4cc397b81ecf92ed2cd69565eac787b450f3baa46a21e38a9b",
    "https://deno.land/x/mongo@v0.33.0/src/gridfs/indexes.ts": "59bdab481fba202e4115f43e4fd6540c9d1a1fd51af398dc9e8ff58a80affa33",
    "https://deno.land/x/mongo@v0.33.0/src/gridfs/upload.ts": "6a54a21b00c6f22ad0da6ceef7a2932dc600560f594c2551abd8e4a64976abae",
    "https://deno.land/x/mongo@v0.33.0/src/protocol/cursor.ts": "386b37a8eb8eb04746703b57e76af62e30fe1483a2dd1fb1f5bbd8d2d7a7ca45",
    "https://deno.land/x/mongo@v0.33.0/src/protocol/handshake.ts": "f2dd1c9618b4fd1212877823782866d270a93e9836970f628c988d49f626749d",
    "https://deno.land/x/mongo@v0.33.0/src/protocol/header.ts": "0f28db842f886e57b7013606c1391affab2e2960a1a4568d2502e7b788117716",
    "https://deno.land/x/mongo@v0.33.0/src/protocol/message.ts": "05b71f41f7228b7e059e6070ccf731e0ead90e7348b897710fb4bde1a7b7ad7c",
    "https://deno.land/x/mongo@v0.33.0/src/protocol/mod.ts": "c5f626711e5c1347d98400a18d252306390f76f81335acb4f871a2b45d8d89bb",
    "https://deno.land/x/mongo@v0.33.0/src/protocol/protocol.ts": "cac0a149e951ff5261b6352aa7907a33677a3ff11d424be2954c8de9d270cbab",
    "https://deno.land/x/mongo@v0.33.0/src/types.ts": "675c95674117468f2805736a58a4c107ccef983862871500c5feeb271e13400c",
    "https://deno.land/x/mongo@v0.33.0/src/types/geojson.ts": "14690e2fa1591939253ddc9de181b0664051e9462db131b72be5fb9d064dff44",
    "https://deno.land/x/mongo@v0.33.0/src/types/geospatial.ts": "3871035b43249ede15e505fe0edd19b0c46a9784733287740a3004e4740ec262",
    "https://deno.land/x/mongo@v0.33.0/src/types/gridfs.ts": "714ff5249b2361589baf97151e573fed1536cb1cf200ce8b24416d160330052b",
    "https://deno.land/x/mongo@v0.33.0/src/types/read_write_concern.ts": "d00f35eb85520e776741888685d08d479766a19e9a0a970b53f4594c9db00496",
    "https://deno.land/x/mongo@v0.33.0/src/utils/ns.ts": "fb0c57b8dc4d31f8993112d267dec3c163d3e8862198d1cd03b2b51bcc3caad9",
    "https://deno.land/x/mongo@v0.33.0/src/utils/saslprep/load_code_points.ts": "88c3bee38b2f3e22a2900332ca69f443759b4772bfa65463d8871c9e895f1299",
    "https://deno.land/x/mongo@v0.33.0/src/utils/saslprep/memory_pager.ts": "f55a79a13ec569c21630c3915a9af0c6fc0aa2b899121fa2a85a813c6dd4afba",
    "https://deno.land/x/mongo@v0.33.0/src/utils/saslprep/mod.ts": "de970d59c70a04c19e14a704f0028bf2ff57840d7a615b8cef86cccb014ccf89",
    "https://deno.land/x/mongo@v0.33.0/src/utils/saslprep/sparse_bitfield.ts": "07d6fe2ecd4ba5f711c44c1ae409bb9c1fe3a3cfc09e27434d231d4aae46dd2d",
    "https://deno.land/x/mongo@v0.33.0/src/utils/srv.ts": "e47f866987bd83717d48b99a3a8832d67f97a058e85111f9c96a03d026027b57",
    "https://deno.land/x/mongo@v0.33.0/src/utils/uri.ts": "dcfab8e1dcfcc875c75ada1d9f366664480c03b65594990d6342ed88925452e5"
  },
  "workspace": {
    "dependencies": [
      "jsr:@oak/oak@^17.1.0",
      "npm:@simplewebauthn/server@11",
      "npm:@simplewebauthn/types@11",
      "npm:mongodb@^6.10.0",
      "npm:zod@^3.23.8"
    ]
  }
}
